
Microsoft Visual Studio Solution File, Format Version 12.00
# Visual Studio 14
VisualStudioVersion = 14.0.25420.1
MinimumVisualStudioVersion = 10.0.40219.1
Project("{8BB2217D-0F2D-49D1-97BC-3654ED321F3B}") = "Crowd.API", "Crowd.API\Crowd.API.xproj", "{57FB8C34-E5A7-4631-9B3E-2C882FF89DBD}"
EndProject
Project("{8BB2217D-0F2D-49D1-97BC-3654ED321F3B}") = "Crowd.BLL", "Crowd.BLL\Crowd.BLL.xproj", "{95E972D7-F4BD-4848-B35B-B23DACA02D1C}"
EndProject
Project("{8BB2217D-0F2D-49D1-97BC-3654ED321F3B}") = "Crowd.DAL", "Crowd.DAL\Crowd.DAL.xproj", "{C1B65BCB-67A0-40AF-8D47-19FBC0FBCF48}"
EndProject
Global
	GlobalSection(SolutionConfigurationPlatforms) = preSolution
		Debug|Any CPU = Debug|Any CPU
		Release|Any CPU = Release|Any CPU
	EndGlobalSection
	GlobalSection(ProjectConfigurationPlatforms) = postSolution
		{57FB8C34-E5A7-4631-9B3E-2C882FF89DBD}.Debug|Any CPU.ActiveCfg = Debug|Any CPU
		{57FB8C34-E5A7-4631-9B3E-2C882FF89DBD}.Debug|Any CPU.Build.0 = Debug|Any CPU
		{57FB8C34-E5A7-4631-9B3E-2C882FF89DBD}.Release|Any CPU.ActiveCfg = Release|Any CPU
		{57FB8C34-E5A7-4631-9B3E-2C882FF89DBD}.Release|Any CPU.Build.0 = Release|Any CPU
		{95E972D7-F4BD-4848-B35B-B23DACA02D1C}.Debug|Any CPU.ActiveCfg = Debug|Any CPU
		{95E972D7-F4BD-4848-B35B-B23DACA02D1C}.Debug|Any CPU.Build.0 = Debug|Any CPU
		{95E972D7-F4BD-4848-B35B-B23DACA02D1C}.Release|Any CPU.ActiveCfg = Release|Any CPU
		{95E972D7-F4BD-4848-B35B-B23DACA02D1C}.Release|Any CPU.Build.0 = Release|Any CPU
		{C1B65BCB-67A0-40AF-8D47-19FBC0FBCF48}.Debug|Any CPU.ActiveCfg = Debug|Any CPU
		{C1B65BCB-67A0-40AF-8D47-19FBC0FBCF48}.Debug|Any CPU.Build.0 = Debug|Any CPU
		{C1B65BCB-67A0-40AF-8D47-19FBC0FBCF48}.Release|Any CPU.ActiveCfg = Release|Any CPU
		{C1B65BCB-67A0-40AF-8D47-19FBC0FBCF48}.Release|Any CPU.Build.0 = Release|Any CPU
	EndGlobalSection
	GlobalSection(SolutionProperties) = preSolution
		HideSolutionNode = FALSE
	EndGlobalSection
EndGlobal
